
Microsoft Visual Studio Solution File, Format Version 12.00
# Visual Studio Version 17
VisualStudioVersion = 17.14.36915.13 d17.14
MinimumVisualStudioVersion = 10.0.40219.1
Project("{FAE04EC0-301F-11D3-BF4B-00C04F79EFBC}") = "app", "app.csproj", "{95C1A1C2-12B1-478E-9E8B-23A2659926B7}"
EndProject
Project("{FAE04EC0-301F-11D3-BF4B-00C04F79EFBC}") = "app.Tests", "..\app.Tests\app.Tests.csproj", "{731CDD7B-F6A2-4EE6-A1D7-E4EC48EFD34A}"
EndProject
Global
	GlobalSection(SolutionConfigurationPlatforms) = preSolution
		Debug|Any CPU = Debug|Any CPU
		Release|Any CPU = Release|Any CPU
	EndGlobalSection
	GlobalSection(ProjectConfigurationPlatforms) = postSolution
		{95C1A1C2-12B1-478E-9E8B-23A2659926B7}.Debug|Any CPU.ActiveCfg = Debug|Any CPU
		{95C1A1C2-12B1-478E-9E8B-23A2659926B7}.Debug|Any CPU.Build.0 = Debug|Any CPU
		{95C1A1C2-12B1-478E-9E8B-23A2659926B7}.Release|Any CPU.ActiveCfg = Release|Any CPU
		{95C1A1C2-12B1-478E-9E8B-23A2659926B7}.Release|Any CPU.Build.0 = Release|Any CPU
		{731CDD7B-F6A2-4EE6-A1D7-E4EC48EFD34A}.Debug|Any CPU.ActiveCfg = Debug|Any CPU
		{731CDD7B-F6A2-4EE6-A1D7-E4EC48EFD34A}.Debug|Any CPU.Build.0 = Debug|Any CPU
		{731CDD7B-F6A2-4EE6-A1D7-E4EC48EFD34A}.Release|Any CPU.ActiveCfg = Release|Any CPU
		{731CDD7B-F6A2-4EE6-A1D7-E4EC48EFD34A}.Release|Any CPU.Build.0 = Release|Any CPU
	EndGlobalSection
	GlobalSection(SolutionProperties) = preSolution
		HideSolutionNode = FALSE
	EndGlobalSection
	GlobalSection(ExtensibilityGlobals) = postSolution
		SolutionGuid = {85D82B7C-72A3-4ECE-9DD4-EB5028BBF2A7}
	EndGlobalSection
EndGlobal
